
Microsoft Visual Studio Solution File, Format Version 12.00
# Visual Studio 15
VisualStudioVersion = 15.0.27004.2006
MinimumVisualStudioVersion = 10.0.40219.1
Project("{9A19103F-16F7-4668-BE54-9A1E7A4F7556}") = "arma-demo.web", "arma-demo.web\arma-demo.web.csproj", "{3B17EC97-C794-4F84-A652-E76B89A790C7}"
EndProject
Project("{FAE04EC0-301F-11D3-BF4B-00C04F79EFBC}") = "arma-demo.data", "arma-demo.data\arma-demo.data.csproj", "{A62F08E5-8805-4AEB-B99B-2EB2098465B3}"
EndProject
Global
	GlobalSection(SolutionConfigurationPlatforms) = preSolution
		Debug|Any CPU = Debug|Any CPU
		Release|Any CPU = Release|Any CPU
	EndGlobalSection
	GlobalSection(ProjectConfigurationPlatforms) = postSolution
		{3B17EC97-C794-4F84-A652-E76B89A790C7}.Debug|Any CPU.ActiveCfg = Debug|Any CPU
		{3B17EC97-C794-4F84-A652-E76B89A790C7}.Debug|Any CPU.Build.0 = Debug|Any CPU
		{3B17EC97-C794-4F84-A652-E76B89A790C7}.Release|Any CPU.ActiveCfg = Release|Any CPU
		{3B17EC97-C794-4F84-A652-E76B89A790C7}.Release|Any CPU.Build.0 = Release|Any CPU
		{A62F08E5-8805-4AEB-B99B-2EB2098465B3}.Debug|Any CPU.ActiveCfg = Debug|Any CPU
		{A62F08E5-8805-4AEB-B99B-2EB2098465B3}.Debug|Any CPU.Build.0 = Debug|Any CPU
		{A62F08E5-8805-4AEB-B99B-2EB2098465B3}.Release|Any CPU.ActiveCfg = Release|Any CPU
		{A62F08E5-8805-4AEB-B99B-2EB2098465B3}.Release|Any CPU.Build.0 = Release|Any CPU
	EndGlobalSection
	GlobalSection(SolutionProperties) = preSolution
		HideSolutionNode = FALSE
	EndGlobalSection
	GlobalSection(ExtensibilityGlobals) = postSolution
		SolutionGuid = {BE8E808E-9DF6-4E5F-8A11-B47C7FDC6830}
	EndGlobalSection
EndGlobal
